
Microsoft Visual Studio Solution File, Format Version 12.00
# Visual Studio Version 17
VisualStudioVersion = 17.14.36401.2
MinimumVisualStudioVersion = 10.0.40219.1
Project("{FAE04EC0-301F-11D3-BF4B-00C04F79EFBC}") = "NUnitDemo", "NUnitDemo\NUnitDemo.csproj", "{DD34F756-7F6E-4C25-ADAE-E7A0415D853B}"
EndProject
Global
	GlobalSection(SolutionConfigurationPlatforms) = preSolution
		Debug|Any CPU = Debug|Any CPU
		Release|Any CPU = Release|Any CPU
	EndGlobalSection
	GlobalSection(ProjectConfigurationPlatforms) = postSolution
		{DD34F756-7F6E-4C25-ADAE-E7A0415D853B}.Debug|Any CPU.ActiveCfg = Debug|Any CPU
		{DD34F756-7F6E-4C25-ADAE-E7A0415D853B}.Debug|Any CPU.Build.0 = Debug|Any CPU
		{DD34F756-7F6E-4C25-ADAE-E7A0415D853B}.Release|Any CPU.ActiveCfg = Release|Any CPU
		{DD34F756-7F6E-4C25-ADAE-E7A0415D853B}.Release|Any CPU.Build.0 = Release|Any CPU
	EndGlobalSection
	GlobalSection(SolutionProperties) = preSolution
		HideSolutionNode = FALSE
	EndGlobalSection
	GlobalSection(ExtensibilityGlobals) = postSolution
		SolutionGuid = {64530B4F-ACB0-4834-A9D8-3722603719DD}
	EndGlobalSection
EndGlobal
